
Microsoft Visual Studio Solution File, Format Version 12.00
# Visual Studio 14
VisualStudioVersion = 14.0.24720.0
MinimumVisualStudioVersion = 10.0.40219.1
Project("{FAE04EC0-301F-11D3-BF4B-00C04F79EFBC}") = "Twokan.Client", "Twokan.Client\Twokan.Client.csproj", "{44B47613-8087-4556-99C2-23EAB2F182CE}"
EndProject
Project("{FAE04EC0-301F-11D3-BF4B-00C04F79EFBC}") = "Twokan.Server", "Twokan.Server\Twokan.Server.csproj", "{1E4EB8CE-379B-4CE7-ACFE-D3AC93D9D070}"
EndProject
Project("{FAE04EC0-301F-11D3-BF4B-00C04F79EFBC}") = "Twokan.ServerTests", "Twokan.ServerTests\Twokan.ServerTests.csproj", "{5D4E7B82-BEEE-42BC-9066-F03E5E0E1213}"
EndProject
Project("{FAE04EC0-301F-11D3-BF4B-00C04F79EFBC}") = "Twokan.ClientTests", "Twokan.ClientTests\Twokan.ClientTests.csproj", "{B539789A-CC08-44A3-99EE-85E2AC8DDB08}"
EndProject
Project("{2150E333-8FDC-42A3-9474-1A3956D46DE8}") = "libs", "libs", "{7D5AE424-87D3-4ED4-8422-A37597CE3255}"
	ProjectSection(SolutionItems) = preProject
		libs\nunit.framework.dll = libs\nunit.framework.dll
	EndProjectSection
EndProject
Global
	GlobalSection(SolutionConfigurationPlatforms) = preSolution
		Debug|Any CPU = Debug|Any CPU
		Release|Any CPU = Release|Any CPU
	EndGlobalSection
	GlobalSection(ProjectConfigurationPlatforms) = postSolution
		{44B47613-8087-4556-99C2-23EAB2F182CE}.Debug|Any CPU.ActiveCfg = Debug|Any CPU
		{44B47613-8087-4556-99C2-23EAB2F182CE}.Debug|Any CPU.Build.0 = Debug|Any CPU
		{44B47613-8087-4556-99C2-23EAB2F182CE}.Release|Any CPU.ActiveCfg = Release|Any CPU
		{44B47613-8087-4556-99C2-23EAB2F182CE}.Release|Any CPU.Build.0 = Release|Any CPU
		{1E4EB8CE-379B-4CE7-ACFE-D3AC93D9D070}.Debug|Any CPU.ActiveCfg = Debug|Any CPU
		{1E4EB8CE-379B-4CE7-ACFE-D3AC93D9D070}.Debug|Any CPU.Build.0 = Debug|Any CPU
		{1E4EB8CE-379B-4CE7-ACFE-D3AC93D9D070}.Release|Any CPU.ActiveCfg = Release|Any CPU
		{1E4EB8CE-379B-4CE7-ACFE-D3AC93D9D070}.Release|Any CPU.Build.0 = Release|Any CPU
		{5D4E7B82-BEEE-42BC-9066-F03E5E0E1213}.Debug|Any CPU.ActiveCfg = Debug|Any CPU
		{5D4E7B82-BEEE-42BC-9066-F03E5E0E1213}.Debug|Any CPU.Build.0 = Debug|Any CPU
		{5D4E7B82-BEEE-42BC-9066-F03E5E0E1213}.Release|Any CPU.ActiveCfg = Release|Any CPU
		{5D4E7B82-BEEE-42BC-9066-F03E5E0E1213}.Release|Any CPU.Build.0 = Release|Any CPU
		{B539789A-CC08-44A3-99EE-85E2AC8DDB08}.Debug|Any CPU.ActiveCfg = Debug|Any CPU
		{B539789A-CC08-44A3-99EE-85E2AC8DDB08}.Debug|Any CPU.Build.0 = Debug|Any CPU
		{B539789A-CC08-44A3-99EE-85E2AC8DDB08}.Release|Any CPU.ActiveCfg = Release|Any CPU
		{B539789A-CC08-44A3-99EE-85E2AC8DDB08}.Release|Any CPU.Build.0 = Release|Any CPU
	EndGlobalSection
	GlobalSection(SolutionProperties) = preSolution
		HideSolutionNode = FALSE
	EndGlobalSection
EndGlobal
